
Microsoft Visual Studio Solution File, Format Version 12.00
# Visual Studio 15
VisualStudioVersion = 15.0.28010.2016
MinimumVisualStudioVersion = 10.0.40219.1
Project("{FAE04EC0-301F-11D3-BF4B-00C04F79EFBC}") = "ReviewsSite", "ReviewsSite\ReviewsSite.csproj", "{407216C8-A66D-438D-B213-F641E9FAC1A6}"
EndProject
Project("{FAE04EC0-301F-11D3-BF4B-00C04F79EFBC}") = "ReviewsSite.Tests", "ReviewsSite.Tests\ReviewsSite.Tests.csproj", "{56A44206-7B9C-4F4E-AA85-C68F82A35C68}"
EndProject
Global
	GlobalSection(SolutionConfigurationPlatforms) = preSolution
		Debug|Any CPU = Debug|Any CPU
		Release|Any CPU = Release|Any CPU
	EndGlobalSection
	GlobalSection(ProjectConfigurationPlatforms) = postSolution
		{407216C8-A66D-438D-B213-F641E9FAC1A6}.Debug|Any CPU.ActiveCfg = Debug|Any CPU
		{407216C8-A66D-438D-B213-F641E9FAC1A6}.Debug|Any CPU.Build.0 = Debug|Any CPU
		{407216C8-A66D-438D-B213-F641E9FAC1A6}.Release|Any CPU.ActiveCfg = Release|Any CPU
		{407216C8-A66D-438D-B213-F641E9FAC1A6}.Release|Any CPU.Build.0 = Release|Any CPU
		{56A44206-7B9C-4F4E-AA85-C68F82A35C68}.Debug|Any CPU.ActiveCfg = Debug|Any CPU
		{56A44206-7B9C-4F4E-AA85-C68F82A35C68}.Debug|Any CPU.Build.0 = Debug|Any CPU
		{56A44206-7B9C-4F4E-AA85-C68F82A35C68}.Release|Any CPU.ActiveCfg = Release|Any CPU
		{56A44206-7B9C-4F4E-AA85-C68F82A35C68}.Release|Any CPU.Build.0 = Release|Any CPU
	EndGlobalSection
	GlobalSection(SolutionProperties) = preSolution
		HideSolutionNode = FALSE
	EndGlobalSection
	GlobalSection(ExtensibilityGlobals) = postSolution
		SolutionGuid = {C419F72C-A498-4A59-96C7-D2FAB487DE8C}
	EndGlobalSection
EndGlobal
